
Microsoft Visual Studio Solution File, Format Version 12.00
# Visual Studio Version 17
VisualStudioVersion = 17.10.35027.167
MinimumVisualStudioVersion = 10.0.40219.1
Project("{FAE04EC0-301F-11D3-BF4B-00C04F79EFBC}") = "AzureWebJobsCICD", "AzureWebJobsCICD\AzureWebJobsCICD.csproj", "{78CF2905-8270-4684-B168-AA68817F3462}"
EndProject
Project("{FAE04EC0-301F-11D3-BF4B-00C04F79EFBC}") = "WebApp", "WebApp\WebApp.csproj", "{6829D052-4F2D-494D-8335-0D5A3D2CCD03}"
EndProject
Global
	GlobalSection(SolutionConfigurationPlatforms) = preSolution
		Debug|Any CPU = Debug|Any CPU
		Release|Any CPU = Release|Any CPU
	EndGlobalSection
	GlobalSection(ProjectConfigurationPlatforms) = postSolution
		{78CF2905-8270-4684-B168-AA68817F3462}.Debug|Any CPU.ActiveCfg = Debug|Any CPU
		{78CF2905-8270-4684-B168-AA68817F3462}.Debug|Any CPU.Build.0 = Debug|Any CPU
		{78CF2905-8270-4684-B168-AA68817F3462}.Release|Any CPU.ActiveCfg = Release|Any CPU
		{78CF2905-8270-4684-B168-AA68817F3462}.Release|Any CPU.Build.0 = Release|Any CPU
		{6829D052-4F2D-494D-8335-0D5A3D2CCD03}.Debug|Any CPU.ActiveCfg = Debug|Any CPU
		{6829D052-4F2D-494D-8335-0D5A3D2CCD03}.Debug|Any CPU.Build.0 = Debug|Any CPU
		{6829D052-4F2D-494D-8335-0D5A3D2CCD03}.Release|Any CPU.ActiveCfg = Release|Any CPU
		{6829D052-4F2D-494D-8335-0D5A3D2CCD03}.Release|Any CPU.Build.0 = Release|Any CPU
	EndGlobalSection
	GlobalSection(SolutionProperties) = preSolution
		HideSolutionNode = FALSE
	EndGlobalSection
	GlobalSection(ExtensibilityGlobals) = postSolution
		SolutionGuid = {A2973A88-22C2-464F-AD7F-1F4B63F241A3}
	EndGlobalSection
EndGlobal
